<?xml version="1.0" encoding="utf-8"?>
<Project ToolsVersion="4.0" xmlns="http://schemas.microsoft.com/developer/msbuild/2003">
  <ItemGroup>
    <Filter Include="Source Files">
      <UniqueIdentifier>{4FC737F1-C7A5-4376-A066-2A32D752A2FF}</UniqueIdentifier>
      <Extensions>cpp;c;cc;cxx;c++;def;odl;idl;hpj;bat;asm;asmx</Extensions>
    </Filter>
    <Filter Include="Header Files">
      <UniqueIdentifier>{93995380-89BD-4b04-88EB-625FBE52EBFB}</UniqueIdentifier>
      <Extensions>h;hh;hpp;hxx;h++;hm;inl;inc;ipp;xsd</Extensions>
    </Filter>
    <Filter Include="Resource Files">
      <UniqueIdentifier>{67DA6AB6-F800-4c08-8B7A-83BB121AAD01}</UniqueIdentifier>
      <Extensions>rc;ico;cur;bmp;dlg;rc2;rct;bin;rgs;gif;jpg;jpeg;jpe;resx;tiff;tif;png;wav;mfcribbon-ms</Extensions>
    </Filter>
    <Filter Include="Header Files\Graphics">
      <UniqueIdentifier>{f716b2f3-b4a8-4a1f-89d4-79b885b5d569}</UniqueIdentifier>
    </Filter>
    <Filter Include="Header Files\Gameplay">
      <UniqueIdentifier>{deaaefcc-74ea-49e5-bcea-d1692a5cc496}</UniqueIdentifier>
    </Filter>
    <Filter Include="Header Files\Gameplay\Maps">
      <UniqueIdentifier>{356216be-17ef-4eb3-8fc2-25da2e5fb740}</UniqueIdentifier>
    </Filter>
    <Filter Include="Source Files\Graphics">
      <UniqueIdentifier>{2365fe72-ae53-413f-8691-2b35e055ad46}</UniqueIdentifier>
    </Filter>
    <Filter Include="Source Files\Gameplay">
      <UniqueIdentifier>{8ad33db0-e775-4ac4-a1c3-04e9ded07350}</UniqueIdentifier>
    </Filter>
    <Filter Include="Source Files\Gameplay\Maps">
      <UniqueIdentifier>{efb9c3f6-f797-4efa-99a2-224b495e078b}</UniqueIdentifier>
    </Filter>
    <Filter Include="Source Files\Gameplay\Physics">
      <UniqueIdentifier>{4784bdda-b38a-4839-b161-d9c382e506c7}</UniqueIdentifier>
    </Filter>
    <Filter Include="Header Files\Gameplay\Physics">
      <UniqueIdentifier>{61907896-6196-4a1e-bef1-58738e106451}</UniqueIdentifier>
    </Filter>
    <Filter Include="Header Files\Template">
      <UniqueIdentifier>{c9f0faf8-4df3-4b8e-92ed-1cbe39b7898f}</UniqueIdentifier>
    </Filter>
    <Filter Include="Header Files\IO">
      <UniqueIdentifier>{a3519b24-666a-4399-99a1-8a85480b2359}</UniqueIdentifier>
    </Filter>
    <Filter Include="Source Files\IO">
      <UniqueIdentifier>{1f7aad65-ec97-4a47-9dc2-a727be8f7790}</UniqueIdentifier>
    </Filter>
    <Filter Include="Header Files\Files">
      <UniqueIdentifier>{f2458b99-507f-45da-b827-7ecfd15248e5}</UniqueIdentifier>
    </Filter>
    <Filter Include="Source Files\Files">
      <UniqueIdentifier>{adf7259d-0733-43f7-9c47-6fc74e973f99}</UniqueIdentifier>
    </Filter>
    <Filter Include="Header Files\Tools">
      <UniqueIdentifier>{676bbbd9-4e87-4e28-a662-2277c769443e}</UniqueIdentifier>
    </Filter>
    <Filter Include="Source Files\Tools">
      <UniqueIdentifier>{659d217b-4b94-4dd3-8535-658f869e74da}</UniqueIdentifier>
    </Filter>
  </ItemGroup>
  <ItemGroup>
    <ClInclude Include="Constants.h">
      <Filter>Header Files</Filter>
    </ClInclude>
    <ClInclude Include="MapBackgrounds.h">
      <Filter>Header Files\Gameplay\Maps</Filter>
    </ClInclude>
    <ClInclude Include="olcPixelGameEngine.h">
      <Filter>Header Files\Graphics</Filter>
    </ClInclude>
    <ClInclude Include="Texture.h">
      <Filter>Header Files\Graphics</Filter>
    </ClInclude>
    <ClInclude Include="Stage.h">
      <Filter>Header Files\Gameplay</Filter>
    </ClInclude>
    <ClInclude Include="Singleton.h">
      <Filter>Header Files\Template</Filter>
    </ClInclude>
    <ClInclude Include="Window.h">
      <Filter>Header Files\IO</Filter>
    </ClInclude>
    <ClInclude Include="Point.h">
      <Filter>Header Files\Template</Filter>
    </ClInclude>
    <ClInclude Include="Animation.h">
      <Filter>Header Files\Graphics</Filter>
    </ClInclude>
    <ClInclude Include="SunFile.h">
      <Filter>Header Files\Files</Filter>
    </ClInclude>
    <ClInclude Include="SunReader.h">
      <Filter>Header Files\Files</Filter>
    </ClInclude>
    <ClInclude Include="SunNode.h">
      <Filter>Header Files\Files</Filter>
    </ClInclude>
    <ClInclude Include="SunBitmap.h">
      <Filter>Header Files\Files</Filter>
    </ClInclude>
    <ClInclude Include="StringUtils.h">
      <Filter>Header Files\Tools</Filter>
    </ClInclude>
    <ClInclude Include="SunTools.h">
      <Filter>Header Files\Files</Filter>
    </ClInclude>
    <ClInclude Include="SunAudio.h">
      <Filter>Header Files\Files</Filter>
    </ClInclude>
    <ClInclude Include="Error.h">
      <Filter>Header Files\Files</Filter>
    </ClInclude>
    <ClInclude Include="Rectangle.h">
      <Filter>Header Files\Template</Filter>
    </ClInclude>
    <ClInclude Include="Foothold.h">
      <Filter>Header Files\Gameplay\Physics</Filter>
    </ClInclude>
    <ClInclude Include="Interpolated.h">
      <Filter>Header Files\Template</Filter>
    </ClInclude>
    <ClInclude Include="Lerp.h">
      <Filter>Header Files\Tools</Filter>
    </ClInclude>
    <ClInclude Include="Misc.h">
      <Filter>Header Files\Tools</Filter>
    </ClInclude>
    <ClInclude Include="Console.h">
      <Filter>Header Files\Tools</Filter>
    </ClInclude>
    <ClInclude Include="Range.h">
      <Filter>Header Files\Template</Filter>
    </ClInclude>
    <ClInclude Include="PhysicsObject.h">
      <Filter>Header Files\Gameplay\Physics</Filter>
    </ClInclude>
    <ClInclude Include="zlib.h">
      <Filter>Header Files</Filter>
    </ClInclude>
  </ItemGroup>
  <ItemGroup>
    <ClCompile Include="main.cpp">
      <Filter>Source Files</Filter>
    </ClCompile>
    <ClCompile Include="MapBackgrounds.cpp">
      <Filter>Source Files\Gameplay\Maps</Filter>
    </ClCompile>
    <ClCompile Include="olcPixelGameEngine.cpp">
      <Filter>Source Files\Graphics</Filter>
    </ClCompile>
    <ClCompile Include="Stage.cpp">
      <Filter>Source Files\Gameplay</Filter>
    </ClCompile>
    <ClCompile Include="Window.cpp">
      <Filter>Source Files\IO</Filter>
    </ClCompile>
    <ClCompile Include="Animation.cpp">
      <Filter>Source Files\Graphics</Filter>
    </ClCompile>
    <ClCompile Include="SunFile.cpp">
      <Filter>Source Files\Files</Filter>
    </ClCompile>
    <ClCompile Include="SunReader.cpp">
      <Filter>Source Files\Files</Filter>
    </ClCompile>
    <ClCompile Include="StringUtils.cpp">
      <Filter>Source Files\Tools</Filter>
    </ClCompile>
    <ClCompile Include="SunBitmap.cpp">
      <Filter>Source Files\Files</Filter>
    </ClCompile>
    <ClCompile Include="SunNode.cpp">
      <Filter>Source Files\Files</Filter>
    </ClCompile>
    <ClCompile Include="SunTools.cpp">
      <Filter>Source Files\Files</Filter>
    </ClCompile>
    <ClCompile Include="SunAudio.cpp">
      <Filter>Source Files\Files</Filter>
    </ClCompile>
    <ClCompile Include="Texture.cpp">
      <Filter>Source Files\Graphics</Filter>
    </ClCompile>
    <ClCompile Include="Foothold.cpp">
      <Filter>Source Files\Gameplay\Physics</Filter>
    </ClCompile>
  </ItemGroup>
</Project>